
Microsoft Visual Studio Solution File, Format Version 12.00
# Visual Studio 15
Project("{FAE04EC0-301F-11D3-BF4B-00C04F79EFBC}") = "Assembly-CSharp-Editor", "Assembly-CSharp-Editor.csproj", "{083960B1-9F00-C611-5FB4-E7E7E245DF5C}"
EndProject
Project("{FAE04EC0-301F-11D3-BF4B-00C04F79EFBC}") = "Assembly-CSharp", "Assembly-CSharp.csproj", "{9115F0FB-E019-995E-6896-DE3C3BCB44FA}"
EndProject
Global
	GlobalSection(SolutionConfigurationPlatforms) = preSolution
		Debug|Any CPU = Debug|Any CPU
		Release|Any CPU = Release|Any CPU
	EndGlobalSection
	GlobalSection(ProjectConfigurationPlatforms) = postSolution
		{083960B1-9F00-C611-5FB4-E7E7E245DF5C}.Debug|Any CPU.ActiveCfg = Debug|Any CPU
		{083960B1-9F00-C611-5FB4-E7E7E245DF5C}.Debug|Any CPU.Build.0 = Debug|Any CPU
		{083960B1-9F00-C611-5FB4-E7E7E245DF5C}.Release|Any CPU.ActiveCfg = Release|Any CPU
		{083960B1-9F00-C611-5FB4-E7E7E245DF5C}.Release|Any CPU.Build.0 = Release|Any CPU
		{9115F0FB-E019-995E-6896-DE3C3BCB44FA}.Debug|Any CPU.ActiveCfg = Debug|Any CPU
		{9115F0FB-E019-995E-6896-DE3C3BCB44FA}.Debug|Any CPU.Build.0 = Debug|Any CPU
		{9115F0FB-E019-995E-6896-DE3C3BCB44FA}.Release|Any CPU.ActiveCfg = Release|Any CPU
		{9115F0FB-E019-995E-6896-DE3C3BCB44FA}.Release|Any CPU.Build.0 = Release|Any CPU
	EndGlobalSection
	GlobalSection(SolutionProperties) = preSolution
		HideSolutionNode = FALSE
	EndGlobalSection
EndGlobal
